
Microsoft Visual Studio Solution File, Format Version 12.00
# Visual Studio 15
VisualStudioVersion = 15.0.26228.4
MinimumVisualStudioVersion = 10.0.40219.1
Project("{FAE04EC0-301F-11D3-BF4B-00C04F79EFBC}") = "PackageDelivery.Domain", "PackageDelivery.Domain\PackageDelivery.Domain.csproj", "{96D70C86-7C2F-4533-97CE-86D9FC3A6ABA}"
EndProject
Project("{FAE04EC0-301F-11D3-BF4B-00C04F79EFBC}") = "PackageDelivery.SharedKernel.Data", "PackageDelivery.SharedKernel.Data\PackageDelivery.SharedKernel.Data.csproj", "{CBFEAD3C-E3B2-4110-BD4D-0F4B31760AE0}"
EndProject
Project("{9A19103F-16F7-4668-BE54-9A1E7A4F7556}") = "PackageDelivery.ShipmentManagement", "PackageDelivery.ShipmentManagement\PackageDelivery.ShipmentManagement.csproj", "{37940E8B-DC8E-4F01-89A9-6F3169B1DFAC}"
EndProject
Project("{9A19103F-16F7-4668-BE54-9A1E7A4F7556}") = "PackageDelivery.WebApplication", "WebApplication\PackageDelivery.WebApplication.csproj", "{FC009F2F-E721-4309-A81D-24EE40B8036F}"
EndProject
Global
	GlobalSection(SolutionConfigurationPlatforms) = preSolution
		Debug|Any CPU = Debug|Any CPU
		Release|Any CPU = Release|Any CPU
	EndGlobalSection
	GlobalSection(ProjectConfigurationPlatforms) = postSolution
		{96D70C86-7C2F-4533-97CE-86D9FC3A6ABA}.Debug|Any CPU.ActiveCfg = Debug|Any CPU
		{96D70C86-7C2F-4533-97CE-86D9FC3A6ABA}.Debug|Any CPU.Build.0 = Debug|Any CPU
		{96D70C86-7C2F-4533-97CE-86D9FC3A6ABA}.Release|Any CPU.ActiveCfg = Release|Any CPU
		{96D70C86-7C2F-4533-97CE-86D9FC3A6ABA}.Release|Any CPU.Build.0 = Release|Any CPU
		{CBFEAD3C-E3B2-4110-BD4D-0F4B31760AE0}.Debug|Any CPU.ActiveCfg = Debug|Any CPU
		{CBFEAD3C-E3B2-4110-BD4D-0F4B31760AE0}.Debug|Any CPU.Build.0 = Debug|Any CPU
		{CBFEAD3C-E3B2-4110-BD4D-0F4B31760AE0}.Release|Any CPU.ActiveCfg = Release|Any CPU
		{CBFEAD3C-E3B2-4110-BD4D-0F4B31760AE0}.Release|Any CPU.Build.0 = Release|Any CPU
		{37940E8B-DC8E-4F01-89A9-6F3169B1DFAC}.Debug|Any CPU.ActiveCfg = Debug|Any CPU
		{37940E8B-DC8E-4F01-89A9-6F3169B1DFAC}.Debug|Any CPU.Build.0 = Debug|Any CPU
		{37940E8B-DC8E-4F01-89A9-6F3169B1DFAC}.Release|Any CPU.ActiveCfg = Release|Any CPU
		{37940E8B-DC8E-4F01-89A9-6F3169B1DFAC}.Release|Any CPU.Build.0 = Release|Any CPU
		{FC009F2F-E721-4309-A81D-24EE40B8036F}.Debug|Any CPU.ActiveCfg = Debug|Any CPU
		{FC009F2F-E721-4309-A81D-24EE40B8036F}.Debug|Any CPU.Build.0 = Debug|Any CPU
		{FC009F2F-E721-4309-A81D-24EE40B8036F}.Release|Any CPU.ActiveCfg = Release|Any CPU
		{FC009F2F-E721-4309-A81D-24EE40B8036F}.Release|Any CPU.Build.0 = Release|Any CPU
	EndGlobalSection
	GlobalSection(SolutionProperties) = preSolution
		HideSolutionNode = FALSE
	EndGlobalSection
EndGlobal
